
Microsoft Visual Studio Solution File, Format Version 12.00
# Visual Studio Version 17
VisualStudioVersion = 17.4.33213.308
MinimumVisualStudioVersion = 10.0.40219.1
Project("{8BC9CEB8-8B4A-11D0-8D11-00A0C91BC942}") = "bandMatrix", "bandMatrix\bandMatrix.vcxproj", "{25D56D05-E496-4FBD-9492-C686399F1330}"
EndProject
Project("{8BC9CEB8-8B4A-11D0-8D11-00A0C91BC942}") = "bandMatrixTest", "bandMatrixTest\bandMatrixTest.vcxproj", "{2F9F70AF-AAE6-42DC-8048-0EDF64B00B7E}"
EndProject
Project("{888888A0-9F3D-457C-B088-3A5042F75D52}") = "bandMatrixPy", "bandMatrixPy\bandMatrixPy.pyproj", "{54FB5694-75CD-4E25-9FCA-C1776960309A}"
EndProject
Global
	GlobalSection(SolutionConfigurationPlatforms) = preSolution
		Debug|Any CPU = Debug|Any CPU
		Debug|x64 = Debug|x64
		Debug|x86 = Debug|x86
		Release|Any CPU = Release|Any CPU
		Release|x64 = Release|x64
		Release|x86 = Release|x86
	EndGlobalSection
	GlobalSection(ProjectConfigurationPlatforms) = postSolution
		{25D56D05-E496-4FBD-9492-C686399F1330}.Debug|Any CPU.ActiveCfg = Debug|x64
		{25D56D05-E496-4FBD-9492-C686399F1330}.Debug|Any CPU.Build.0 = Debug|x64
		{25D56D05-E496-4FBD-9492-C686399F1330}.Debug|x64.ActiveCfg = Debug|x64
		{25D56D05-E496-4FBD-9492-C686399F1330}.Debug|x64.Build.0 = Debug|x64
		{25D56D05-E496-4FBD-9492-C686399F1330}.Debug|x86.ActiveCfg = Debug|Win32
		{25D56D05-E496-4FBD-9492-C686399F1330}.Debug|x86.Build.0 = Debug|Win32
		{25D56D05-E496-4FBD-9492-C686399F1330}.Release|Any CPU.ActiveCfg = Release|x64
		{25D56D05-E496-4FBD-9492-C686399F1330}.Release|Any CPU.Build.0 = Release|x64
		{25D56D05-E496-4FBD-9492-C686399F1330}.Release|x64.ActiveCfg = Release|x64
		{25D56D05-E496-4FBD-9492-C686399F1330}.Release|x64.Build.0 = Release|x64
		{25D56D05-E496-4FBD-9492-C686399F1330}.Release|x86.ActiveCfg = Release|Win32
		{25D56D05-E496-4FBD-9492-C686399F1330}.Release|x86.Build.0 = Release|Win32
		{2F9F70AF-AAE6-42DC-8048-0EDF64B00B7E}.Debug|Any CPU.ActiveCfg = Debug|x64
		{2F9F70AF-AAE6-42DC-8048-0EDF64B00B7E}.Debug|Any CPU.Build.0 = Debug|x64
		{2F9F70AF-AAE6-42DC-8048-0EDF64B00B7E}.Debug|x64.ActiveCfg = Debug|x64
		{2F9F70AF-AAE6-42DC-8048-0EDF64B00B7E}.Debug|x64.Build.0 = Debug|x64
		{2F9F70AF-AAE6-42DC-8048-0EDF64B00B7E}.Debug|x86.ActiveCfg = Debug|Win32
		{2F9F70AF-AAE6-42DC-8048-0EDF64B00B7E}.Debug|x86.Build.0 = Debug|Win32
		{2F9F70AF-AAE6-42DC-8048-0EDF64B00B7E}.Release|Any CPU.ActiveCfg = Release|x64
		{2F9F70AF-AAE6-42DC-8048-0EDF64B00B7E}.Release|Any CPU.Build.0 = Release|x64
		{2F9F70AF-AAE6-42DC-8048-0EDF64B00B7E}.Release|x64.ActiveCfg = Release|x64
		{2F9F70AF-AAE6-42DC-8048-0EDF64B00B7E}.Release|x64.Build.0 = Release|x64
		{2F9F70AF-AAE6-42DC-8048-0EDF64B00B7E}.Release|x86.ActiveCfg = Release|Win32
		{2F9F70AF-AAE6-42DC-8048-0EDF64B00B7E}.Release|x86.Build.0 = Release|Win32
		{54FB5694-75CD-4E25-9FCA-C1776960309A}.Debug|Any CPU.ActiveCfg = Debug|Any CPU
		{54FB5694-75CD-4E25-9FCA-C1776960309A}.Debug|x64.ActiveCfg = Debug|Any CPU
		{54FB5694-75CD-4E25-9FCA-C1776960309A}.Debug|x86.ActiveCfg = Debug|Any CPU
		{54FB5694-75CD-4E25-9FCA-C1776960309A}.Release|Any CPU.ActiveCfg = Release|Any CPU
		{54FB5694-75CD-4E25-9FCA-C1776960309A}.Release|x64.ActiveCfg = Release|Any CPU
		{54FB5694-75CD-4E25-9FCA-C1776960309A}.Release|x86.ActiveCfg = Release|Any CPU
	EndGlobalSection
	GlobalSection(SolutionProperties) = preSolution
		HideSolutionNode = FALSE
	EndGlobalSection
	GlobalSection(ExtensibilityGlobals) = postSolution
		SolutionGuid = {AB61EA29-8906-4135-9814-215E25FF5059}
	EndGlobalSection
EndGlobal
